
Microsoft Visual Studio Solution File, Format Version 12.00
# Visual Studio Version 17
VisualStudioVersion = 17.7.34018.315
MinimumVisualStudioVersion = 10.0.40219.1
Project("{FAE04EC0-301F-11D3-BF4B-00C04F79EFBC}") = "Övning 1 algoritm", "Övning 1 algoritm.csproj", "{01A01879-4688-47D9-9216-35586036B1B5}"
EndProject
Global
	GlobalSection(SolutionConfigurationPlatforms) = preSolution
		Debug|Any CPU = Debug|Any CPU
		Release|Any CPU = Release|Any CPU
	EndGlobalSection
	GlobalSection(ProjectConfigurationPlatforms) = postSolution
		{01A01879-4688-47D9-9216-35586036B1B5}.Debug|Any CPU.ActiveCfg = Debug|Any CPU
		{01A01879-4688-47D9-9216-35586036B1B5}.Debug|Any CPU.Build.0 = Debug|Any CPU
		{01A01879-4688-47D9-9216-35586036B1B5}.Release|Any CPU.ActiveCfg = Release|Any CPU
		{01A01879-4688-47D9-9216-35586036B1B5}.Release|Any CPU.Build.0 = Release|Any CPU
	EndGlobalSection
	GlobalSection(SolutionProperties) = preSolution
		HideSolutionNode = FALSE
	EndGlobalSection
	GlobalSection(ExtensibilityGlobals) = postSolution
		SolutionGuid = {B5C3EDA7-EC6E-4308-8C33-65091909826A}
	EndGlobalSection
EndGlobal
